# This file is generated by running "yarn install" inside your project.
# Manual changes might be lost - proceed with caution!

__metadata:
  version: 8
  cacheKey: 10

"@chainsafe/as-chacha20poly1305@npm:^0.1.0":
  version: 0.1.0
  resolution: "@chainsafe/as-chacha20poly1305@npm:0.1.0"
  checksum: 10/0e043d72fd4464d9c31b0e2a5ae5414677e7c3a41cd33ffa5e5af8cc68fddf0b57f3c589415894f39715be6c1877f35ceac3a532b9173ffbc287ff6c1415f813
  languageName: node
  linkType: hard

"@chainsafe/as-sha256@npm:^1.0.0":
  version: 1.2.0
  resolution: "@chainsafe/as-sha256@npm:1.2.0"
  checksum: 10/9c1bf0009954fc07a288b4a920d2289cec21f74662805b60e78f7449fdb7743a4d23875eb292695f12d95fdfa1d44e3f78af8c8e1d1703601a5585bd964e9f5b
  languageName: node
  linkType: hard

"@chainsafe/is-ip@npm:^2.0.1, @chainsafe/is-ip@npm:^2.1.0":
  version: 2.1.0
  resolution: "@chainsafe/is-ip@npm:2.1.0"
  checksum: 10/0055a6bc67b08c6e87a00e6059d78e2141684d76ec1227897c670fcae27bc52ed3e4c2f0532a38717dea5ac5a86b864e3c3af0a1d7f02a4d3d4270a4d2fc8ac4
  languageName: node
  linkType: hard

"@chainsafe/libp2p-gossipsub@npm:^14.1.2":
  version: 14.1.2
  resolution: "@chainsafe/libp2p-gossipsub@npm:14.1.2"
  dependencies:
    "@libp2p/crypto": "npm:^5.0.0"
    "@libp2p/interface": "npm:^2.0.0"
    "@libp2p/interface-internal": "npm:^2.0.0"
    "@libp2p/peer-id": "npm:^5.0.0"
    "@libp2p/pubsub": "npm:^10.0.0"
    "@multiformats/multiaddr": "npm:^12.1.14"
    denque: "npm:^2.1.0"
    it-length-prefixed: "npm:^9.0.4"
    it-pipe: "npm:^3.0.1"
    it-pushable: "npm:^3.2.3"
    multiformats: "npm:^13.0.1"
    protons-runtime: "npm:^5.5.0"
    uint8arraylist: "npm:^2.4.8"
    uint8arrays: "npm:^5.0.1"
  checksum: 10/736ac15822b4813e5c0eda27487963ed33131df7c61c2fd8fa7e07ff5c853dd046dbbd61ed84b8d10f39cd80a9b1d2a4429255b63620bc54fea2103685a82cb4
  languageName: node
  linkType: hard

"@chainsafe/libp2p-noise@npm:^16.1.5":
  version: 16.1.5
  resolution: "@chainsafe/libp2p-noise@npm:16.1.5"
  dependencies:
    "@chainsafe/as-chacha20poly1305": "npm:^0.1.0"
    "@chainsafe/as-sha256": "npm:^1.0.0"
    "@libp2p/crypto": "npm:^5.0.0"
    "@libp2p/interface": "npm:^2.9.0"
    "@libp2p/peer-id": "npm:^5.0.0"
    "@noble/ciphers": "npm:^1.1.3"
    "@noble/curves": "npm:^1.1.0"
    "@noble/hashes": "npm:^1.3.1"
    it-length-prefixed: "npm:^10.0.1"
    it-length-prefixed-stream: "npm:^2.0.1"
    it-pair: "npm:^2.0.6"
    it-pipe: "npm:^3.0.1"
    it-stream-types: "npm:^2.0.1"
    protons-runtime: "npm:^5.5.0"
    uint8arraylist: "npm:^2.4.3"
    uint8arrays: "npm:^5.0.0"
    wherearewe: "npm:^2.0.1"
  checksum: 10/c0f05383003fb9463c8965f23ea16c9ece53c6296b38c9b9c6fc164aa3e486f2a1f94e8fd582b0ec695cd4cb0914bf870c21c5d73270967e29ea0f267b7df559
  languageName: node
  linkType: hard

"@chainsafe/libp2p-yamux@npm:^7.0.4":
  version: 7.0.4
  resolution: "@chainsafe/libp2p-yamux@npm:7.0.4"
  dependencies:
    "@libp2p/interface": "npm:^2.0.0"
    "@libp2p/utils": "npm:^6.0.0"
    get-iterator: "npm:^2.0.1"
    it-foreach: "npm:^2.0.6"
    it-pushable: "npm:^3.2.3"
    it-stream-types: "npm:^2.0.1"
    race-signal: "npm:^1.1.3"
    uint8arraylist: "npm:^2.4.8"
  checksum: 10/64a4c44d6d42fd783350c89075ee6fc1a1f312cad0055a1a5c00f0b777950b02b9ca7cc03979ba57d091850971158121a7fd587141d59ed42501b253bb8f9cb0
  languageName: node
  linkType: hard

"@chainsafe/netmask@npm:^2.0.0":
  version: 2.0.0
  resolution: "@chainsafe/netmask@npm:2.0.0"
  dependencies:
    "@chainsafe/is-ip": "npm:^2.0.1"
  checksum: 10/fa696cdffd8b80efc76b988902655976aae4fd80cf1ff51db849c0476cc477d1bb0e50bf2700162dfa2aa5602b8594e7d92d6fa2235cdeb0246e4afc7f64947f
  languageName: node
  linkType: hard

"@collabswarm/relay-server@workspace:.":
  version: 0.0.0-use.local
  resolution: "@collabswarm/relay-server@workspace:."
  dependencies:
    "@chainsafe/libp2p-gossipsub": "npm:^14.1.2"
    "@chainsafe/libp2p-noise": "npm:^16.1.5"
    "@chainsafe/libp2p-yamux": "npm:^7.0.4"
    "@libp2p/autonat": "npm:^2.0.38"
    "@libp2p/circuit-relay-v2": "npm:^3.2.24"
    "@libp2p/identify": "npm:^3.0.39"
    "@libp2p/pubsub-peer-discovery": "npm:^11.0.2"
    "@libp2p/tcp": "npm:^10.1.19"
    "@libp2p/websockets": "npm:^9.2.19"
    "@types/node": "npm:^25.3.0"
    libp2p: "npm:^2.10.0"
    typescript: "npm:^5.3.3"
  languageName: unknown
  linkType: soft

"@dnsquery/dns-packet@npm:^6.1.1":
  version: 6.1.1
  resolution: "@dnsquery/dns-packet@npm:6.1.1"
  dependencies:
    "@leichtgewicht/ip-codec": "npm:^2.0.4"
    utf8-codec: "npm:^1.0.0"
  checksum: 10/3794619b5f8611488d329baade11a6cd59ea65619a7c280ad434fabd9fe2985dd5c3a24b3ce02b691cf45297b82e9c270ab73e6e1eca1740a72b2eb67eec1553
  languageName: node
  linkType: hard

"@leichtgewicht/ip-codec@npm:^2.0.4":
  version: 2.0.5
  resolution: "@leichtgewicht/ip-codec@npm:2.0.5"
  checksum: 10/cb98c608392abe59457a14e00134e7dfa57c0c9b459871730cd4e907bb12b834cbd03e08ad8663fea9e486f260da7f1293ccd9af0376bf5524dd8536192f248c
  languageName: node
  linkType: hard

"@libp2p/autonat@npm:^2.0.38":
  version: 2.0.38
  resolution: "@libp2p/autonat@npm:2.0.38"
  dependencies:
    "@libp2p/interface": "npm:^2.11.0"
    "@libp2p/interface-internal": "npm:^2.3.19"
    "@libp2p/peer-collections": "npm:^6.0.35"
    "@libp2p/peer-id": "npm:^5.1.9"
    "@libp2p/utils": "npm:^6.7.2"
    "@multiformats/multiaddr": "npm:^12.4.4"
    any-signal: "npm:^4.1.1"
    it-protobuf-stream: "npm:^2.0.2"
    main-event: "npm:^1.0.1"
    multiformats: "npm:^13.3.6"
    protons-runtime: "npm:^5.5.0"
    uint8arraylist: "npm:^2.4.8"
  checksum: 10/725004400fd24cf3533f5ebdcf16bc20e949a406877fe61349514d4e66935d107e727fc75253add116cbdfa383dd299a834780deec3d2a4020525ad2f3506d7f
  languageName: node
  linkType: hard

"@libp2p/circuit-relay-v2@npm:^3.2.24":
  version: 3.2.24
  resolution: "@libp2p/circuit-relay-v2@npm:3.2.24"
  dependencies:
    "@libp2p/crypto": "npm:^5.1.8"
    "@libp2p/interface": "npm:^2.11.0"
    "@libp2p/interface-internal": "npm:^2.3.19"
    "@libp2p/peer-collections": "npm:^6.0.35"
    "@libp2p/peer-id": "npm:^5.1.9"
    "@libp2p/peer-record": "npm:^8.0.35"
    "@libp2p/utils": "npm:^6.7.2"
    "@multiformats/multiaddr": "npm:^12.4.4"
    "@multiformats/multiaddr-matcher": "npm:^2.0.0"
    any-signal: "npm:^4.1.1"
    it-protobuf-stream: "npm:^2.0.2"
    it-stream-types: "npm:^2.0.2"
    main-event: "npm:^1.0.1"
    multiformats: "npm:^13.3.6"
    nanoid: "npm:^5.1.5"
    progress-events: "npm:^1.0.1"
    protons-runtime: "npm:^5.5.0"
    retimeable-signal: "npm:^1.0.1"
    uint8arraylist: "npm:^2.4.8"
    uint8arrays: "npm:^5.1.0"
  checksum: 10/bea0ce870b37ff77f43dd7b52b1053bb458fa5a1b936451151f3c1bab3f8ad88601f00cfeb1084ad4f7d630b5f67cd151306a328eeeffdb52c576240b1f2b7cc
  languageName: node
  linkType: hard

"@libp2p/crypto@npm:^5.0.0, @libp2p/crypto@npm:^5.1.8":
  version: 5.1.13
  resolution: "@libp2p/crypto@npm:5.1.13"
  dependencies:
    "@libp2p/interface": "npm:^3.1.0"
    "@noble/curves": "npm:^2.0.1"
    "@noble/hashes": "npm:^2.0.1"
    multiformats: "npm:^13.4.0"
    protons-runtime: "npm:^5.6.0"
    uint8arraylist: "npm:^2.4.8"
    uint8arrays: "npm:^5.1.0"
  checksum: 10/8e4a248ab34f668d2ad55e7c579df6043750e13ab2008e488a6ece7a6b3c4271728691da0f28eee52d134a6044fa8b8dc662af7c0a4a17fac8fc0a17b5bf19e3
  languageName: node
  linkType: hard

"@libp2p/identify@npm:^3.0.39":
  version: 3.0.39
  resolution: "@libp2p/identify@npm:3.0.39"
  dependencies:
    "@libp2p/crypto": "npm:^5.1.8"
    "@libp2p/interface": "npm:^2.11.0"
    "@libp2p/interface-internal": "npm:^2.3.19"
    "@libp2p/peer-id": "npm:^5.1.9"
    "@libp2p/peer-record": "npm:^8.0.35"
    "@libp2p/utils": "npm:^6.7.2"
    "@multiformats/multiaddr": "npm:^12.4.4"
    "@multiformats/multiaddr-matcher": "npm:^2.0.0"
    it-drain: "npm:^3.0.9"
    it-parallel: "npm:^3.0.11"
    it-protobuf-stream: "npm:^2.0.2"
    main-event: "npm:^1.0.1"
    protons-runtime: "npm:^5.5.0"
    uint8arraylist: "npm:^2.4.8"
    uint8arrays: "npm:^5.1.0"
  checksum: 10/17f014008fe40f447c79284f12cc576635083bc815ec177b8a4045a19486f9e11c21d94b01d6494f4f38bd5187316094116687abd7a49bdc1545bbbaecf3945e
  languageName: node
  linkType: hard

"@libp2p/interface-internal@npm:^2.0.0, @libp2p/interface-internal@npm:^2.3.19":
  version: 2.3.19
  resolution: "@libp2p/interface-internal@npm:2.3.19"
  dependencies:
    "@libp2p/interface": "npm:^2.11.0"
    "@libp2p/peer-collections": "npm:^6.0.35"
    "@multiformats/multiaddr": "npm:^12.4.4"
    progress-events: "npm:^1.0.1"
  checksum: 10/92290f147761a243c2551f183f6cf0b12a6dbab3fb8b22f8307bf3ddfff391cf693d6bf0e28a372dc75ec74136a9d5c42e5ba5e328b6d1f6aa3a94c3e468d9a6
  languageName: node
  linkType: hard

"@libp2p/interface@npm:^2.0.0, @libp2p/interface@npm:^2.11.0, @libp2p/interface@npm:^2.9.0":
  version: 2.11.0
  resolution: "@libp2p/interface@npm:2.11.0"
  dependencies:
    "@multiformats/dns": "npm:^1.0.6"
    "@multiformats/multiaddr": "npm:^12.4.4"
    it-pushable: "npm:^3.2.3"
    it-stream-types: "npm:^2.0.2"
    main-event: "npm:^1.0.1"
    multiformats: "npm:^13.3.6"
    progress-events: "npm:^1.0.1"
    uint8arraylist: "npm:^2.4.8"
  checksum: 10/7609fc0f8f7bf1956370287d9e8764e8a80e004a1846071460295794a6d6c76c5a6c84502359017c2bdeda31eff20b2948def05e794a9c06135179a68311a4ee
  languageName: node
  linkType: hard

"@libp2p/interface@npm:^3.1.0":
  version: 3.1.0
  resolution: "@libp2p/interface@npm:3.1.0"
  dependencies:
    "@multiformats/dns": "npm:^1.0.6"
    "@multiformats/multiaddr": "npm:^13.0.1"
    main-event: "npm:^1.0.1"
    multiformats: "npm:^13.4.0"
    progress-events: "npm:^1.0.1"
    uint8arraylist: "npm:^2.4.8"
  checksum: 10/6f787b6db806a758674af022ad64b6b7403a15eb553c5f5a191e38e663573d57f98f2271342fe3c2007d2f44b8dafc7b121811a408749f6aabb47a6a2bbe0008
  languageName: node
  linkType: hard

"@libp2p/logger@npm:^5.1.18, @libp2p/logger@npm:^5.2.0":
  version: 5.2.0
  resolution: "@libp2p/logger@npm:5.2.0"
  dependencies:
    "@libp2p/interface": "npm:^2.11.0"
    "@multiformats/multiaddr": "npm:^12.4.4"
    interface-datastore: "npm:^8.3.1"
    multiformats: "npm:^13.3.6"
    weald: "npm:^1.0.4"
  checksum: 10/29e5d2ad6af811bdb7ce0c2d61c61dc96380b05c8f6dce80f424ebab44de18786f9c81305bcaf6d06f6b8d6a2ba7aaa69c126c5f527d2ce5ae0b9c731e8cb565
  languageName: node
  linkType: hard

"@libp2p/multistream-select@npm:^6.0.29":
  version: 6.0.29
  resolution: "@libp2p/multistream-select@npm:6.0.29"
  dependencies:
    "@libp2p/interface": "npm:^2.11.0"
    it-length-prefixed: "npm:^10.0.1"
    it-length-prefixed-stream: "npm:^2.0.2"
    it-stream-types: "npm:^2.0.2"
    p-defer: "npm:^4.0.1"
    race-signal: "npm:^1.1.3"
    uint8-varint: "npm:^2.0.4"
    uint8arraylist: "npm:^2.4.8"
    uint8arrays: "npm:^5.1.0"
  checksum: 10/72378bf852cb5c4305b3aa89122a24571866e887d387d6e239a6732c173914018bf7e39577b2a773452e546c00805ae407a15c9920081748d48e38ec5c04e489
  languageName: node
  linkType: hard

"@libp2p/peer-collections@npm:^6.0.35":
  version: 6.0.35
  resolution: "@libp2p/peer-collections@npm:6.0.35"
  dependencies:
    "@libp2p/interface": "npm:^2.11.0"
    "@libp2p/peer-id": "npm:^5.1.9"
    "@libp2p/utils": "npm:^6.7.2"
    multiformats: "npm:^13.3.6"
  checksum: 10/166c68a25ea98af2a6349e77b77ad49ecf1390633e710d6e8c5b21104e42f0fe3ec95d21d7a3bf5d19dfd35efae69325f554f646cce88e8ef0bc954ce5b38951
  languageName: node
  linkType: hard

"@libp2p/peer-id@npm:^5.0.0, @libp2p/peer-id@npm:^5.1.9":
  version: 5.1.9
  resolution: "@libp2p/peer-id@npm:5.1.9"
  dependencies:
    "@libp2p/crypto": "npm:^5.1.8"
    "@libp2p/interface": "npm:^2.11.0"
    multiformats: "npm:^13.3.6"
    uint8arrays: "npm:^5.1.0"
  checksum: 10/ff2257d7237eddbae3e0e48364544b6877d475c657265bed6fd007253536afb797e337493e2cb2061c8017c3cb875f4be63b6566eac7bbf7bde831b64a987112
  languageName: node
  linkType: hard

"@libp2p/peer-record@npm:^8.0.35":
  version: 8.0.35
  resolution: "@libp2p/peer-record@npm:8.0.35"
  dependencies:
    "@libp2p/crypto": "npm:^5.1.8"
    "@libp2p/interface": "npm:^2.11.0"
    "@libp2p/peer-id": "npm:^5.1.9"
    "@libp2p/utils": "npm:^6.7.2"
    "@multiformats/multiaddr": "npm:^12.4.4"
    multiformats: "npm:^13.3.6"
    protons-runtime: "npm:^5.5.0"
    uint8-varint: "npm:^2.0.4"
    uint8arraylist: "npm:^2.4.8"
    uint8arrays: "npm:^5.1.0"
  checksum: 10/256fb905ad7abc000a9161db991ad113b3db1dbdc9a030e931442def6c10fcd37e2bd3fd08cfe66a32a5cf3886e23c325407cbc9593b52571a5f0f629a18a650
  languageName: node
  linkType: hard

"@libp2p/peer-store@npm:^11.2.7":
  version: 11.2.7
  resolution: "@libp2p/peer-store@npm:11.2.7"
  dependencies:
    "@libp2p/crypto": "npm:^5.1.8"
    "@libp2p/interface": "npm:^2.11.0"
    "@libp2p/peer-collections": "npm:^6.0.35"
    "@libp2p/peer-id": "npm:^5.1.9"
    "@libp2p/peer-record": "npm:^8.0.35"
    "@multiformats/multiaddr": "npm:^12.4.4"
    interface-datastore: "npm:^8.3.1"
    it-all: "npm:^3.0.8"
    main-event: "npm:^1.0.1"
    mortice: "npm:^3.2.1"
    multiformats: "npm:^13.3.6"
    protons-runtime: "npm:^5.5.0"
    uint8arraylist: "npm:^2.4.8"
    uint8arrays: "npm:^5.1.0"
  checksum: 10/8cc39e20224e90fc0fb1687fe19d010ee5ffb605c1a3ebd5d376d1fd7266cd6a1b4eba35c94b146040cd4b151a5e172a55d4c25f777e05de5243ad10541cf5f5
  languageName: node
  linkType: hard

"@libp2p/pubsub-peer-discovery@npm:^11.0.2":
  version: 11.0.2
  resolution: "@libp2p/pubsub-peer-discovery@npm:11.0.2"
  dependencies:
    "@libp2p/crypto": "npm:^5.0.0"
    "@libp2p/interface": "npm:^2.0.0"
    "@libp2p/interface-internal": "npm:^2.0.0"
    "@libp2p/peer-id": "npm:^5.0.0"
    "@multiformats/multiaddr": "npm:^12.0.0"
    protons-runtime: "npm:^5.0.0"
    uint8arraylist: "npm:^2.4.3"
    uint8arrays: "npm:^5.0.2"
  checksum: 10/207bd9993052e4d7c071ff366ad8e3719b434121dfa89474578bf1967435c80df3ba71ffd5c188b04da6658255955cf8068dc5cf4c65ad33643995bb8d10f877
  languageName: node
  linkType: hard

"@libp2p/pubsub@npm:^10.0.0":
  version: 10.1.18
  resolution: "@libp2p/pubsub@npm:10.1.18"
  dependencies:
    "@libp2p/crypto": "npm:^5.1.8"
    "@libp2p/interface": "npm:^2.11.0"
    "@libp2p/interface-internal": "npm:^2.3.19"
    "@libp2p/peer-collections": "npm:^6.0.35"
    "@libp2p/peer-id": "npm:^5.1.9"
    "@libp2p/utils": "npm:^6.7.2"
    it-length-prefixed: "npm:^10.0.1"
    it-pipe: "npm:^3.0.1"
    it-pushable: "npm:^3.2.3"
    main-event: "npm:^1.0.1"
    multiformats: "npm:^13.3.6"
    p-queue: "npm:^8.1.0"
    uint8arraylist: "npm:^2.4.8"
    uint8arrays: "npm:^5.1.0"
  checksum: 10/3fa0f9716bd2c611546929d8d9adf4513b58e19b29147e89cb6ad5a0c2322610b1e25a3c34c951a95fbde6abd069bdf339fb93b60b1b3bbc9c1d578a9dd3718d
  languageName: node
  linkType: hard

"@libp2p/tcp@npm:^10.1.19":
  version: 10.1.19
  resolution: "@libp2p/tcp@npm:10.1.19"
  dependencies:
    "@libp2p/interface": "npm:^2.11.0"
    "@libp2p/utils": "npm:^6.7.2"
    "@multiformats/multiaddr": "npm:^12.4.4"
    "@multiformats/multiaddr-matcher": "npm:^2.0.0"
    "@types/sinon": "npm:^17.0.4"
    main-event: "npm:^1.0.1"
    p-defer: "npm:^4.0.1"
    p-event: "npm:^6.0.1"
    progress-events: "npm:^1.0.1"
    race-event: "npm:^1.3.0"
    stream-to-it: "npm:^1.0.1"
  checksum: 10/a8e2c3833dc44d086b1521fc88d29005157cd21407b9a18e62a1bf646ff9c3b4381dc77f5fd8fd88067baaa577dab073aae6eb6e8b0788c1f876e0132ccc9655
  languageName: node
  linkType: hard

"@libp2p/utils@npm:^6.0.0, @libp2p/utils@npm:^6.7.2":
  version: 6.7.2
  resolution: "@libp2p/utils@npm:6.7.2"
  dependencies:
    "@chainsafe/is-ip": "npm:^2.1.0"
    "@chainsafe/netmask": "npm:^2.0.0"
    "@libp2p/crypto": "npm:^5.1.8"
    "@libp2p/interface": "npm:^2.11.0"
    "@libp2p/logger": "npm:^5.2.0"
    "@multiformats/multiaddr": "npm:^12.4.4"
    "@sindresorhus/fnv1a": "npm:^3.1.0"
    any-signal: "npm:^4.1.1"
    delay: "npm:^6.0.0"
    get-iterator: "npm:^2.0.1"
    is-loopback-addr: "npm:^2.0.2"
    is-plain-obj: "npm:^4.1.0"
    it-foreach: "npm:^2.1.3"
    it-pipe: "npm:^3.0.1"
    it-pushable: "npm:^3.2.3"
    it-stream-types: "npm:^2.0.2"
    main-event: "npm:^1.0.1"
    netmask: "npm:^2.0.2"
    p-defer: "npm:^4.0.1"
    race-event: "npm:^1.3.0"
    race-signal: "npm:^1.1.3"
    uint8arraylist: "npm:^2.4.8"
    uint8arrays: "npm:^5.1.0"
  checksum: 10/5bb8636717216d095efc3e857f939c5cc9f5ad3170bdedec7f5dc2cbfe5edb3ea18a78ad9f406c2c1223149340a231d386040dbe40838d97456dcfb0f97126fd
  languageName: node
  linkType: hard

"@libp2p/websockets@npm:^9.2.19":
  version: 9.2.19
  resolution: "@libp2p/websockets@npm:9.2.19"
  dependencies:
    "@libp2p/interface": "npm:^2.11.0"
    "@libp2p/utils": "npm:^6.7.2"
    "@multiformats/multiaddr": "npm:^12.4.4"
    "@multiformats/multiaddr-matcher": "npm:^2.0.0"
    "@multiformats/multiaddr-to-uri": "npm:^11.0.0"
    "@types/ws": "npm:^8.18.1"
    it-ws: "npm:^6.1.5"
    main-event: "npm:^1.0.1"
    p-defer: "npm:^4.0.1"
    p-event: "npm:^6.0.1"
    progress-events: "npm:^1.0.1"
    race-signal: "npm:^1.1.3"
    ws: "npm:^8.18.2"
  checksum: 10/81e35386ba8c07be8811dc828cf934ccd1eadaa79eb61a49c84b8a1fdaf7f79bc3a2077e3749a07b3a191d71f52e31d681fe6386f004da967b6bd4940aa255ae
  languageName: node
  linkType: hard

"@multiformats/dns@npm:^1.0.3, @multiformats/dns@npm:^1.0.6":
  version: 1.0.13
  resolution: "@multiformats/dns@npm:1.0.13"
  dependencies:
    "@dnsquery/dns-packet": "npm:^6.1.1"
    "@libp2p/interface": "npm:^3.1.0"
    hashlru: "npm:^2.3.0"
    p-queue: "npm:^9.0.0"
    progress-events: "npm:^1.0.0"
    uint8arrays: "npm:^5.0.2"
  checksum: 10/60589719a075ed105d77811209b9a9d6cde386d0a26a287b41c55c848a328265c29cc1c26df709aa684adaf8bbdc322e715d689a82bf95e992d46338a85ed2f8
  languageName: node
  linkType: hard

"@multiformats/multiaddr-matcher@npm:^2.0.0":
  version: 2.0.2
  resolution: "@multiformats/multiaddr-matcher@npm:2.0.2"
  dependencies:
    "@multiformats/multiaddr": "npm:^12.0.0"
  checksum: 10/e757a5d32d8a2dd354ecc252bd3a20f4c284b8b4cd2d4504a589e42c9ff9b4ad209493ab1f6ce848e451a7a0ee221a8ff0526f3f6a0dcf6235b7a6e9dc6ad431
  languageName: node
  linkType: hard

"@multiformats/multiaddr-to-uri@npm:^11.0.0":
  version: 11.0.2
  resolution: "@multiformats/multiaddr-to-uri@npm:11.0.2"
  dependencies:
    "@multiformats/multiaddr": "npm:^12.3.0"
  checksum: 10/a6bebe6766f424106315d99233f217766cfcd0b3c5322a4a093c49c5e974275fa304f2a1845184620de986c9d1ce72f1f01d5e1ca92cd23b593c9289d07abbd6
  languageName: node
  linkType: hard

"@multiformats/multiaddr@npm:^12.0.0, @multiformats/multiaddr@npm:^12.1.14, @multiformats/multiaddr@npm:^12.3.0, @multiformats/multiaddr@npm:^12.4.4":
  version: 12.5.1
  resolution: "@multiformats/multiaddr@npm:12.5.1"
  dependencies:
    "@chainsafe/is-ip": "npm:^2.0.1"
    "@chainsafe/netmask": "npm:^2.0.0"
    "@multiformats/dns": "npm:^1.0.3"
    abort-error: "npm:^1.0.1"
    multiformats: "npm:^13.0.0"
    uint8-varint: "npm:^2.0.1"
    uint8arrays: "npm:^5.0.0"
  checksum: 10/3db0235ea276f4be55a606501ea240e48f39705a4e98a262d25ccd6eeb5e2adbf1ccb24452f8b2f5cf41cda5450ecda237920b672aee0e3e6033f3d56bc0d071
  languageName: node
  linkType: hard

"@multiformats/multiaddr@npm:^13.0.1":
  version: 13.0.1
  resolution: "@multiformats/multiaddr@npm:13.0.1"
  dependencies:
    "@chainsafe/is-ip": "npm:^2.0.1"
    multiformats: "npm:^13.0.0"
    uint8-varint: "npm:^2.0.1"
    uint8arrays: "npm:^5.0.0"
  checksum: 10/c142fc5b3f491877f6ec27b2983a1ace5a113a5052aadb87e2f9b9ebf2a29558dd1f9f28c00fef47cb27dbc25cb6f7c2bdf29d2d818041fb124ab588eccac91f
  languageName: node
  linkType: hard

"@noble/ciphers@npm:^1.1.3":
  version: 1.3.0
  resolution: "@noble/ciphers@npm:1.3.0"
  checksum: 10/051660051e3e9e2ca5fb9dece2885532b56b7e62946f89afa7284a0fb8bc02e2bd1c06554dba68162ff42d295b54026456084198610f63c296873b2f1cd7a586
  languageName: node
  linkType: hard

"@noble/curves@npm:^1.1.0":
  version: 1.9.7
  resolution: "@noble/curves@npm:1.9.7"
  dependencies:
    "@noble/hashes": "npm:1.8.0"
  checksum: 10/3cfe2735ea94972988ca9e217e0ebb2044372a7160b2079bf885da789492a6291fc8bf76ca3d8bf8dee477847ee2d6fac267d1e6c4f555054059f5e8c4865d44
  languageName: node
  linkType: hard

"@noble/curves@npm:^2.0.1":
  version: 2.0.1
  resolution: "@noble/curves@npm:2.0.1"
  dependencies:
    "@noble/hashes": "npm:2.0.1"
  checksum: 10/e826af523f40a671601a6d07f98df16c3afe1cbd0349c3ba4d7b31f6dba7dc743822719f260bd291716b6b42b8dc327f94a76b4852359aa85f79df461eb22bfc
  languageName: node
  linkType: hard

"@noble/hashes@npm:1.8.0, @noble/hashes@npm:^1.3.1":
  version: 1.8.0
  resolution: "@noble/hashes@npm:1.8.0"
  checksum: 10/474b7f56bc6fb2d5b3a42132561e221b0ea4f91e590f4655312ca13667840896b34195e2b53b7f097ec080a1fdd3b58d902c2a8d0fbdf51d2e238b53808a177e
  languageName: node
  linkType: hard

"@noble/hashes@npm:2.0.1, @noble/hashes@npm:^2.0.1":
  version: 2.0.1
  resolution: "@noble/hashes@npm:2.0.1"
  checksum: 10/f4d00e7564eb4ff4e6d16be151dd0e404aede35f91e4372b0a8a6ec888379c1dd1e02c721b480af8e7853bea9637185b5cb9533970c5b77d60c254ead0cfd8f7
  languageName: node
  linkType: hard

"@sindresorhus/fnv1a@npm:^3.1.0":
  version: 3.1.0
  resolution: "@sindresorhus/fnv1a@npm:3.1.0"
  checksum: 10/9816f4382da21df562e9049bd40dca95bc952afbc5f2257750b1b537af0810850749ee113c8b97f0b4c49a2d82c225fc8e0e14fda191333de9e1f73730a428e3
  languageName: node
  linkType: hard

"@types/node@npm:*, @types/node@npm:^25.3.0":
  version: 25.3.0
  resolution: "@types/node@npm:25.3.0"
  dependencies:
    undici-types: "npm:~7.18.0"
  checksum: 10/061b00c8de070a606a052afaa4c45dca5f8d6a8e7e39c0c3e196bb650ee37e986bbb161991ea39076a05aada102f36b13c974528448a09efd8d36bdfee75de4b
  languageName: node
  linkType: hard

"@types/retry@npm:0.12.2":
  version: 0.12.2
  resolution: "@types/retry@npm:0.12.2"
  checksum: 10/e5675035717b39ce4f42f339657cae9637cf0c0051cf54314a6a2c44d38d91f6544be9ddc0280587789b6afd056be5d99dbe3e9f4df68c286c36321579b1bf4a
  languageName: node
  linkType: hard

"@types/sinon@npm:^17.0.4":
  version: 17.0.4
  resolution: "@types/sinon@npm:17.0.4"
  dependencies:
    "@types/sinonjs__fake-timers": "npm:*"
  checksum: 10/286c34e66e3573673ba59a332ac81189e20dd591c5c5360c8ff3ed83a59a60bdb1d4c8f13ab8863a4d5ce636282e4b11c640b87f398663eee152988ca09b1933
  languageName: node
  linkType: hard

"@types/sinonjs__fake-timers@npm:*":
  version: 15.0.1
  resolution: "@types/sinonjs__fake-timers@npm:15.0.1"
  checksum: 10/9fa7a129742262ef4ea9c3253683453c42c2e210cdff1456e233bc9b59f6d60ef8121b32a00209a1c8c7759f88511862dab1ce340081e432515418fc44d8ec35
  languageName: node
  linkType: hard

"@types/ws@npm:^8.18.1, @types/ws@npm:^8.2.2":
  version: 8.18.1
  resolution: "@types/ws@npm:8.18.1"
  dependencies:
    "@types/node": "npm:*"
  checksum: 10/1ce05e3174dcacf28dae0e9b854ef1c9a12da44c7ed73617ab6897c5cbe4fccbb155a20be5508ae9a7dde2f83bd80f5cf3baa386b934fc4b40889ec963e94f3a
  languageName: node
  linkType: hard

"abort-error@npm:^1.0.0, abort-error@npm:^1.0.1":
  version: 1.0.1
  resolution: "abort-error@npm:1.0.1"
  checksum: 10/75a878035d478e7270ef99bd81012daae7914d66a417651976ab9e0cec562cb493366eafa6dfd844b7e49a50e3cef70883170b00329db58df507ed834af9dc8f
  languageName: node
  linkType: hard

"any-signal@npm:^4.1.1":
  version: 4.2.0
  resolution: "any-signal@npm:4.2.0"
  checksum: 10/d9f120413fc8d02eb0fcf855e59a263b7cb1e51a4945613110a85f20442130e4be2b67d9daac3079f3f6c92d9ddd1c11b01092d8e701130fdb51037eff12488f
  languageName: node
  linkType: hard

"datastore-core@npm:^10.0.2":
  version: 10.0.4
  resolution: "datastore-core@npm:10.0.4"
  dependencies:
    "@libp2p/logger": "npm:^5.1.18"
    interface-datastore: "npm:^8.0.0"
    interface-store: "npm:^6.0.0"
    it-drain: "npm:^3.0.9"
    it-filter: "npm:^3.1.3"
    it-map: "npm:^3.1.3"
    it-merge: "npm:^3.0.11"
    it-pipe: "npm:^3.0.1"
    it-sort: "npm:^3.0.8"
    it-take: "npm:^3.0.8"
  checksum: 10/ad308c0647c0b2e57c5c67dabecd95427440192125329ad5d0bbb655139016ca177dc68cd21a42e7c01655c5eebdeef0a7adf857fc9a4e663d406d9c06adbbbf
  languageName: node
  linkType: hard

"delay@npm:^6.0.0":
  version: 6.0.0
  resolution: "delay@npm:6.0.0"
  checksum: 10/e00190cf6e56e3f746af6664a9b7a837a582a70b96ce18d83b86a97300cc9f727189b9f6a7082557134223c0bd23eee88e681cab54cb4e5d8f6b2f4054e7b49a
  languageName: node
  linkType: hard

"denque@npm:^2.1.0":
  version: 2.1.0
  resolution: "denque@npm:2.1.0"
  checksum: 10/8ea05321576624b90acfc1ee9208b8d1d04b425cf7573b9b4fa40a2c3ed4d4b0af5190567858f532f677ed2003d4d2b73c8130b34e3c7b8d5e88cdcfbfaa1fe7
  languageName: node
  linkType: hard

"event-iterator@npm:^2.0.0":
  version: 2.0.0
  resolution: "event-iterator@npm:2.0.0"
  checksum: 10/52f041696b6f99f3c09725b5d5de25189479d26ad0f30e33dd6bea5eb4a1df9894f7c7663ce5335a5e0e77d32ffae9dbca1d6ef0db87d7c173d683a3ff94857b
  languageName: node
  linkType: hard

"eventemitter3@npm:^5.0.1":
  version: 5.0.4
  resolution: "eventemitter3@npm:5.0.4"
  checksum: 10/54f5c8c543650d65f92d03dbef1bb73a682a920490c44699ad8f863a6b19bbca42fb7409aa09ca09cb98a44149d9a7bc1dffd55ca88a740bd928c7be0ad666a0
  languageName: node
  linkType: hard

"get-iterator@npm:^2.0.1":
  version: 2.0.1
  resolution: "get-iterator@npm:2.0.1"
  checksum: 10/353baac51f5e335c19cb734cbf0401d7c47deeac9d375e2939fed646fe52db2912d61ed2a60112050cf4687080817d159ec938803e48e03cd602edd489a116f2
  languageName: node
  linkType: hard

"hashlru@npm:^2.3.0":
  version: 2.3.0
  resolution: "hashlru@npm:2.3.0"
  checksum: 10/38b3559e6fb9d19fa731edc52d8d7e72cd378f708dcb01cecd4a6ba0c52f06d7d06d6277249f5c43d9915d8dda9be31adad768a379eef188db213c3f2b09278d
  languageName: node
  linkType: hard

"interface-datastore@npm:^8.0.0, interface-datastore@npm:^8.3.1":
  version: 8.3.2
  resolution: "interface-datastore@npm:8.3.2"
  dependencies:
    interface-store: "npm:^6.0.0"
    uint8arrays: "npm:^5.1.0"
  checksum: 10/178fb8f647af21eaaf2c03f6c29093a2407f44e9f599c23e8e57dcb2cf579acb9a92b87ad46a15c6c024b1ac0b595572fa71cceda0dda33eeb9ee56d4cf4ee6c
  languageName: node
  linkType: hard

"interface-store@npm:^6.0.0":
  version: 6.0.3
  resolution: "interface-store@npm:6.0.3"
  checksum: 10/8d4737a0fea2867780325e941c91af12891df21ed26f624115b30d2512a0de3d752cc35e3de8456f32ec8645d84b6da46625a4a3d8a76dc1e2bfecb70b97d450
  languageName: node
  linkType: hard

"is-electron@npm:^2.2.0":
  version: 2.2.2
  resolution: "is-electron@npm:2.2.2"
  checksum: 10/de5aa8bd8d72c96675b8d0f93fab4cc21f62be5440f65bc05c61338ca27bd851a64200f31f1bf9facbaa01b3dbfed7997b2186741d84b93b63e0aff1db6a9494
  languageName: node
  linkType: hard

"is-loopback-addr@npm:^2.0.2":
  version: 2.0.2
  resolution: "is-loopback-addr@npm:2.0.2"
  checksum: 10/c7818bd2815aa7aad1efd410d38f58647759e206b43fcf5b3a35db866ceff9af0b0145f1dcba472267c6e1b965883d1ebf321f3eb18c6a8c1c609c4f91092f2f
  languageName: node
  linkType: hard

"is-network-error@npm:^1.0.0":
  version: 1.3.0
  resolution: "is-network-error@npm:1.3.0"
  checksum: 10/56dc0b8ed9c0bb72202058f172ad0c3121cf68772e8cbba343d3775f6e2ec7877d423cbcea45f4cedcd345de8693de1b52dfe0c6fc15d652c4aa98c2abf0185a
  languageName: node
  linkType: hard

"is-plain-obj@npm:^4.1.0":
  version: 4.1.0
  resolution: "is-plain-obj@npm:4.1.0"
  checksum: 10/6dc45da70d04a81f35c9310971e78a6a3c7a63547ef782e3a07ee3674695081b6ca4e977fbb8efc48dae3375e0b34558d2bcd722aec9bddfa2d7db5b041be8ce
  languageName: node
  linkType: hard

"it-all@npm:^3.0.0, it-all@npm:^3.0.8":
  version: 3.0.9
  resolution: "it-all@npm:3.0.9"
  checksum: 10/7aa16a375dc077b7b4f71308a74877144146f057b3e9d360eb28393d0040a7f69f5fd5ead51cbaa9f347044a4bd0945d783259e62e1905ce947d46c8e7953026
  languageName: node
  linkType: hard

"it-byte-stream@npm:^2.0.0, it-byte-stream@npm:^2.0.2":
  version: 2.0.4
  resolution: "it-byte-stream@npm:2.0.4"
  dependencies:
    abort-error: "npm:^1.0.1"
    it-queueless-pushable: "npm:^2.0.0"
    it-stream-types: "npm:^2.0.2"
    race-signal: "npm:^2.0.0"
    uint8arraylist: "npm:^2.4.8"
  checksum: 10/3774fe0fe09bf27874c556a11cd590d993f410abeb3220bbce04ea81f3c06ef6ede4bed518e35ad538d8f87777d7efc14ddfaf8bd269453fc67fc4054eedda1b
  languageName: node
  linkType: hard

"it-drain@npm:^3.0.9":
  version: 3.0.10
  resolution: "it-drain@npm:3.0.10"
  checksum: 10/f6ed3261aa4a9f7f371c2eefa1fa0288e86e38fbf219b6394c78d2e7eeb1415592321f30909b29dada982255938942573001070c6797c0369b434c2b99cc4b82
  languageName: node
  linkType: hard

"it-filter@npm:^3.1.3":
  version: 3.1.4
  resolution: "it-filter@npm:3.1.4"
  dependencies:
    it-peekable: "npm:^3.0.0"
  checksum: 10/40dfc8d6808ea456330fba9db2aaa9346a90fde845ebd944c6fadaabe313ead82df414734df20a447aead9a7e28db6db2a6cf1c0cd9a994d1b8f096394178bf8
  languageName: node
  linkType: hard

"it-foreach@npm:^2.0.6, it-foreach@npm:^2.1.3":
  version: 2.1.5
  resolution: "it-foreach@npm:2.1.5"
  dependencies:
    it-peekable: "npm:^3.0.0"
  checksum: 10/9d09f925954df8a38a1bfbb39f8cc250f67502701424e291fdae1ca40720484119df89c8cf5a30546d78a947510c7bd16eb9272a2715d42db5eef114c817e450
  languageName: node
  linkType: hard

"it-length-prefixed-stream@npm:^2.0.0, it-length-prefixed-stream@npm:^2.0.1, it-length-prefixed-stream@npm:^2.0.2":
  version: 2.0.4
  resolution: "it-length-prefixed-stream@npm:2.0.4"
  dependencies:
    abort-error: "npm:^1.0.1"
    it-byte-stream: "npm:^2.0.0"
    it-stream-types: "npm:^2.0.2"
    uint8-varint: "npm:^2.0.4"
    uint8arraylist: "npm:^2.4.8"
  checksum: 10/38466c86c14afd45e2540bf48f503724a261059ab37f1159d9a673a3039a313a68274ce09f18a74bc6b70ed5a41acdc996cd15b3db2699e3b559a801038eb98f
  languageName: node
  linkType: hard

"it-length-prefixed@npm:^10.0.1":
  version: 10.0.1
  resolution: "it-length-prefixed@npm:10.0.1"
  dependencies:
    it-reader: "npm:^6.0.1"
    it-stream-types: "npm:^2.0.1"
    uint8-varint: "npm:^2.0.1"
    uint8arraylist: "npm:^2.0.0"
    uint8arrays: "npm:^5.0.1"
  checksum: 10/4e3078432f3c1a63d2ff3a5a5d6078956ee0ee3c5e8b992ff246cbcb181d8af79e84e21d89f31b5c9f17d9c4040bee1eb0031f29380a31d6b66e06b16e9237eb
  languageName: node
  linkType: hard

"it-length-prefixed@npm:^9.0.4":
  version: 9.1.1
  resolution: "it-length-prefixed@npm:9.1.1"
  dependencies:
    it-reader: "npm:^6.0.1"
    it-stream-types: "npm:^2.0.1"
    uint8-varint: "npm:^2.0.1"
    uint8arraylist: "npm:^2.0.0"
    uint8arrays: "npm:^5.0.1"
  checksum: 10/90f6a0425f5b2f80c9a4cf248bed2d3976441b5ea1715b61114b51e2701b22acdd48bf80fdbe881cddeff06e8bae952f0f96486692deedd1eae45067cfabe18b
  languageName: node
  linkType: hard

"it-map@npm:^3.1.3":
  version: 3.1.4
  resolution: "it-map@npm:3.1.4"
  dependencies:
    it-peekable: "npm:^3.0.0"
  checksum: 10/556654e0e3047ed4aca72eb942a86a288f33b9568fc122aa616e7a12a1dcf75ecbd5c4040211dc223d827dffb365db2b98397f5f4f7ef42c65d7babe8e469a0d
  languageName: node
  linkType: hard

"it-merge@npm:^3.0.0, it-merge@npm:^3.0.11":
  version: 3.0.12
  resolution: "it-merge@npm:3.0.12"
  dependencies:
    it-queueless-pushable: "npm:^2.0.0"
  checksum: 10/b9d8e76d01d3251c9e36c5dbd19c13a94f3761ae44f7911efcce42c4c5fc025d70de5dae9e1ba9b52a1dfbf1913ab597c22a70a51d41740642e69fbae8111ec7
  languageName: node
  linkType: hard

"it-pair@npm:^2.0.6":
  version: 2.0.6
  resolution: "it-pair@npm:2.0.6"
  dependencies:
    it-stream-types: "npm:^2.0.1"
    p-defer: "npm:^4.0.0"
  checksum: 10/14d72ac414177c4dc92ed818e8ae4d9af2effd2459aafa935e5b2ab41a873fee036f938fc9c1f707d02e52c7807dffe778c1f2edf2c219d50e5c9086e0ad3180
  languageName: node
  linkType: hard

"it-parallel@npm:^3.0.11":
  version: 3.0.13
  resolution: "it-parallel@npm:3.0.13"
  dependencies:
    p-defer: "npm:^4.0.1"
  checksum: 10/3e036e48c08e98d1e8eb22e8ffa0213f04a731baff6ebc0e026963eca5c6af4a571458bf07bec29269950e56636e4477bfe50302b83e15f4f38ee7488c8e97e5
  languageName: node
  linkType: hard

"it-peekable@npm:^3.0.0":
  version: 3.0.8
  resolution: "it-peekable@npm:3.0.8"
  checksum: 10/926a92ece0e0d5ab8de78c24a74d0bec1eadccab9d035c3ec0ce58849776fd10ab6f966bc3f0185e120a5104817b328f89d73bf23547127b73033379278508be
  languageName: node
  linkType: hard

"it-pipe@npm:^3.0.1":
  version: 3.0.1
  resolution: "it-pipe@npm:3.0.1"
  dependencies:
    it-merge: "npm:^3.0.0"
    it-pushable: "npm:^3.1.2"
    it-stream-types: "npm:^2.0.1"
  checksum: 10/6c51282b905b960c731cbe5806674d3847d60e8cdc7980194e82a0887e462a2be8fec54679ff24be1d291b2ba3d850f9e720a77a00fc78363ec8f76142e26264
  languageName: node
  linkType: hard

"it-protobuf-stream@npm:^2.0.2":
  version: 2.0.3
  resolution: "it-protobuf-stream@npm:2.0.3"
  dependencies:
    abort-error: "npm:^1.0.1"
    it-length-prefixed-stream: "npm:^2.0.0"
    it-stream-types: "npm:^2.0.2"
    uint8arraylist: "npm:^2.4.8"
  checksum: 10/53ea22d9a382a4de9de885b95799c1ad83fea6b9f5cec73688ca7fd909d8660e9baaa159b8fe1be61ff9fb19ade98edf8dcde0231cc65508a525cb7dcb6de08f
  languageName: node
  linkType: hard

"it-pushable@npm:^3.1.2, it-pushable@npm:^3.2.3":
  version: 3.2.3
  resolution: "it-pushable@npm:3.2.3"
  dependencies:
    p-defer: "npm:^4.0.0"
  checksum: 10/173e031e9cba9493d21ad9823f070c7b665ce711fdb41bbe6451c20bef4b9bb0bfefa41020a2d2fe39f7eb979dd87c4d91f235bfa39869b5f6eecec9debb15b7
  languageName: node
  linkType: hard

"it-queue@npm:^1.1.0":
  version: 1.1.1
  resolution: "it-queue@npm:1.1.1"
  dependencies:
    abort-error: "npm:^1.0.1"
    it-pushable: "npm:^3.2.3"
    main-event: "npm:^1.0.0"
    race-event: "npm:^1.3.0"
    race-signal: "npm:^2.0.0"
  checksum: 10/10721e3d4c6b88df831e3a3192e7f34f27252760c9d43a14ba8bb365d997abc94a42801f97968e5f97262923fb93258523d4ab8b1aad679fbfd736073e3d4aa5
  languageName: node
  linkType: hard

"it-queueless-pushable@npm:^2.0.0":
  version: 2.0.3
  resolution: "it-queueless-pushable@npm:2.0.3"
  dependencies:
    abort-error: "npm:^1.0.1"
    p-defer: "npm:^4.0.1"
    race-signal: "npm:^2.0.0"
  checksum: 10/2bed2ffed11bc93b1b78f311bad5cfbe29fc97a13334aac0b03490ca0bb566d71d347d4e1bd9f715ce8191614bdadc4b9a95e4fb6f2d2e980e190565022a1cce
  languageName: node
  linkType: hard

"it-reader@npm:^6.0.1":
  version: 6.0.4
  resolution: "it-reader@npm:6.0.4"
  dependencies:
    it-stream-types: "npm:^2.0.1"
    uint8arraylist: "npm:^2.0.0"
  checksum: 10/186c4df237c06a98bb4ddacf2f0cc23b5f39461b9ba8da80b9533a9ec19a69f8d57d67513c9a81d936c561f350b71fac0380c63de2c98120164694d2e9b2d0c9
  languageName: node
  linkType: hard

"it-sort@npm:^3.0.8":
  version: 3.0.9
  resolution: "it-sort@npm:3.0.9"
  dependencies:
    it-all: "npm:^3.0.0"
  checksum: 10/8390eb0a1e799d1abb2e0d9ec910d4e1d5fb4ace58a462400d966872e881cba9ed5bde7c6fb89c33694d74d002717a593727e96a78cea4326724de7e279c9fe1
  languageName: node
  linkType: hard

"it-stream-types@npm:^2.0.1, it-stream-types@npm:^2.0.2":
  version: 2.0.2
  resolution: "it-stream-types@npm:2.0.2"
  checksum: 10/3c3882941388353003c49bd18bd1fe4d543b9a7f32b0cd50b1764a49333ee3ea37e7bd4acfaeab7585e121ff27d2ec2ba58d9d55da4a997d9fbfd6b62e0ce58d
  languageName: node
  linkType: hard

"it-take@npm:^3.0.8":
  version: 3.0.9
  resolution: "it-take@npm:3.0.9"
  checksum: 10/e09f7223ee006ff2a6638c270e48b73614737b1c84b0177d7a628b67be894203eb14c5bdfe757a4fab59df27283e9cb7e4a4c1c232debfe7ca51dd63e13d33e9
  languageName: node
  linkType: hard

"it-ws@npm:^6.1.5":
  version: 6.1.5
  resolution: "it-ws@npm:6.1.5"
  dependencies:
    "@types/ws": "npm:^8.2.2"
    event-iterator: "npm:^2.0.0"
    it-stream-types: "npm:^2.0.1"
    uint8arrays: "npm:^5.0.0"
    ws: "npm:^8.4.0"
  checksum: 10/e0c172001bb2ea62cf44886ea9494468da74fe5ab5c80105ec5c89e753928bb8137c4b9b2133cc388c1e72a3a4803999f4d15f8f891a0de4ff1ead49deffd6d3
  languageName: node
  linkType: hard

"libp2p@npm:^2.10.0":
  version: 2.10.0
  resolution: "libp2p@npm:2.10.0"
  dependencies:
    "@chainsafe/is-ip": "npm:^2.1.0"
    "@chainsafe/netmask": "npm:^2.0.0"
    "@libp2p/crypto": "npm:^5.1.8"
    "@libp2p/interface": "npm:^2.11.0"
    "@libp2p/interface-internal": "npm:^2.3.19"
    "@libp2p/logger": "npm:^5.2.0"
    "@libp2p/multistream-select": "npm:^6.0.29"
    "@libp2p/peer-collections": "npm:^6.0.35"
    "@libp2p/peer-id": "npm:^5.1.9"
    "@libp2p/peer-store": "npm:^11.2.7"
    "@libp2p/utils": "npm:^6.7.2"
    "@multiformats/dns": "npm:^1.0.6"
    "@multiformats/multiaddr": "npm:^12.4.4"
    "@multiformats/multiaddr-matcher": "npm:^2.0.0"
    any-signal: "npm:^4.1.1"
    datastore-core: "npm:^10.0.2"
    interface-datastore: "npm:^8.3.1"
    it-byte-stream: "npm:^2.0.2"
    it-merge: "npm:^3.0.11"
    it-parallel: "npm:^3.0.11"
    main-event: "npm:^1.0.1"
    multiformats: "npm:^13.3.6"
    p-defer: "npm:^4.0.1"
    p-retry: "npm:^6.2.1"
    progress-events: "npm:^1.0.1"
    race-event: "npm:^1.3.0"
    race-signal: "npm:^1.1.3"
    uint8arrays: "npm:^5.1.0"
  checksum: 10/31b30b8a19eeeefa048e40e6fe87b9fd5cf1e62cb4c745145bb4d9a5d2657a890cee3c6daeb914c7837271ad27b3f7e70b688b38b24675f628485d4ad72575a4
  languageName: node
  linkType: hard

"main-event@npm:^1.0.0, main-event@npm:^1.0.1":
  version: 1.0.1
  resolution: "main-event@npm:1.0.1"
  checksum: 10/06ff949d3904d92af4fc075318e624e634cc27a8755fbfb29d7339c4540989d1173b8d94d2194d54574d218990b4b4aa1a4f1d789dbf5100d2c0856057f4a510
  languageName: node
  linkType: hard

"mortice@npm:^3.2.1":
  version: 3.3.1
  resolution: "mortice@npm:3.3.1"
  dependencies:
    abort-error: "npm:^1.0.0"
    it-queue: "npm:^1.1.0"
    main-event: "npm:^1.0.0"
  checksum: 10/1b5c19fd4da3b810e7422c826e7083aefe1771b7021695320eac23fe6c4cd77018e94c43584e231929872de38b4a8499483927584340fccf367ac24693791a31
  languageName: node
  linkType: hard

"ms@npm:^3.0.0-canary.1":
  version: 3.0.0-canary.202508261828
  resolution: "ms@npm:3.0.0-canary.202508261828"
  checksum: 10/ec7f5ef45b8b2f6aae25ebd0b78518454a8d9009ea090158e9766b7de42e9cc89b4a4d52fa6ea2cb918f61a0f74775093a8ca95c40a380129e49ddb864d63d0a
  languageName: node
  linkType: hard

"multiformats@npm:^13.0.0, multiformats@npm:^13.0.1, multiformats@npm:^13.3.6, multiformats@npm:^13.4.0":
  version: 13.4.2
  resolution: "multiformats@npm:13.4.2"
  checksum: 10/b7185ea58d452445350780f9f09bc869d55d74310d66b0fb2cd8c84aa37f31693e556cb801ffc82c14b04bd87691066d549e85400a15a2ed9f6dfc22431d4c5b
  languageName: node
  linkType: hard

"nanoid@npm:^5.1.5":
  version: 5.1.6
  resolution: "nanoid@npm:5.1.6"
  bin:
    nanoid: bin/nanoid.js
  checksum: 10/4109dbcf596d7f297a9b42f459b8f01694a03ebbdd2f41408d963ad54e5ec7234cbe7b4acad137751f31add11bb4fb3415a3e688082516745812811f05570014
  languageName: node
  linkType: hard

"netmask@npm:^2.0.2":
  version: 2.0.2
  resolution: "netmask@npm:2.0.2"
  checksum: 10/375cabe898a5832816958664f26206f0a1e9f3605aa1816bfce803e060ff20f9d6ce56a2377e46f1470938358c31c27b3a8086f4a5e3ef678896147884d63ffa
  languageName: node
  linkType: hard

"p-defer@npm:^4.0.0, p-defer@npm:^4.0.1":
  version: 4.0.1
  resolution: "p-defer@npm:4.0.1"
  checksum: 10/a561e7b581b76e6dce8ae763b4980004dbc795781de327d0b760e5341f035b0fa2c14e892a66d6d8122e2e114815a26f5ad154061374df84f88e75405ea4b0bb
  languageName: node
  linkType: hard

"p-event@npm:^6.0.1":
  version: 6.0.1
  resolution: "p-event@npm:6.0.1"
  dependencies:
    p-timeout: "npm:^6.1.2"
  checksum: 10/f8a6bb7e5addee541f5be42685fb070d9848aa0fb761132e825762c1e4009d90416b3f78ec06f7d4ee96b48ef9cebda0b809a0a87e504d7ae5f371f406cf16a8
  languageName: node
  linkType: hard

"p-queue@npm:^8.1.0":
  version: 8.1.1
  resolution: "p-queue@npm:8.1.1"
  dependencies:
    eventemitter3: "npm:^5.0.1"
    p-timeout: "npm:^6.1.2"
  checksum: 10/03fb14d3a7ff605f16338bfca8f0791a7d633ac023eda6f1cfc7daf3ab3db70afa70c3f907a38c2e49cb28ea1863f49f0f230b6cb2c1cc3170059a0652af8f60
  languageName: node
  linkType: hard

"p-queue@npm:^9.0.0":
  version: 9.1.0
  resolution: "p-queue@npm:9.1.0"
  dependencies:
    eventemitter3: "npm:^5.0.1"
    p-timeout: "npm:^7.0.0"
  checksum: 10/7221f58c20852fe1d9283fdcfb2c62628384daf4ccd7a936ba826637d41e1e66f606bc2eaa6d1705513daccb47c21eb890400fc0a91f8566c83d176e63fd3664
  languageName: node
  linkType: hard

"p-retry@npm:^6.2.1":
  version: 6.2.1
  resolution: "p-retry@npm:6.2.1"
  dependencies:
    "@types/retry": "npm:0.12.2"
    is-network-error: "npm:^1.0.0"
    retry: "npm:^0.13.1"
  checksum: 10/7104ef13703b155d70883b0d3654ecc03148407d2711a4516739cf93139e8bec383451e14925e25e3c1ae04dbace3ed53c26dc3853c1e9b9867fcbdde25f4cdc
  languageName: node
  linkType: hard

"p-timeout@npm:^6.1.2":
  version: 6.1.4
  resolution: "p-timeout@npm:6.1.4"
  checksum: 10/5ee0df408ba353cc2d7036af90d2eb1724c428fd1cf67cd9110c03f0035077c29f6506bff7198dfbef4910ec558c711f21f9741d89d043a6f2c2ff82064afcaf
  languageName: node
  linkType: hard

"p-timeout@npm:^7.0.0":
  version: 7.0.1
  resolution: "p-timeout@npm:7.0.1"
  checksum: 10/1d65827a07fd10eae5bc1fa493ef5c40522acda21cbbb04131cdb0f63f703c91e5fac2701431e28e308992284a86807d7138dbc2be694e2b8342bee20be652f6
  languageName: node
  linkType: hard

"progress-events@npm:^1.0.0, progress-events@npm:^1.0.1":
  version: 1.0.1
  resolution: "progress-events@npm:1.0.1"
  checksum: 10/21e8ba984e6c6f6764279fabdf7b34d8110c1720757360fc8cad56b1622e67857fe543619652b64cee51a880a2a4a5febdcb4ff86e4c2969ed90048e2264f42f
  languageName: node
  linkType: hard

"protons-runtime@npm:^5.0.0, protons-runtime@npm:^5.5.0, protons-runtime@npm:^5.6.0":
  version: 5.6.0
  resolution: "protons-runtime@npm:5.6.0"
  dependencies:
    uint8-varint: "npm:^2.0.2"
    uint8arraylist: "npm:^2.4.3"
    uint8arrays: "npm:^5.0.1"
  checksum: 10/bf9e07d6271370a9ae90ec187c9a56e5a738bc24c2206e84a9011cd4a965e973b010f4c2c1635e0b93010d0beba7b3ba33b9987c833e9999c97fc7d46c1bae15
  languageName: node
  linkType: hard

"race-event@npm:^1.3.0":
  version: 1.6.1
  resolution: "race-event@npm:1.6.1"
  dependencies:
    abort-error: "npm:^1.0.1"
  checksum: 10/ed9f9d2c657a486a6650bf02da106c1168a0d6632a669e042c35034386566132673832088fa2043d1ec6796fce16e4c47364e5a551118ce55e467eacbf1ed005
  languageName: node
  linkType: hard

"race-signal@npm:^1.1.3":
  version: 1.1.3
  resolution: "race-signal@npm:1.1.3"
  checksum: 10/c95ac69cbe3e29bc5ff1f05dfce096579465ea49076174e29a09b3ee71ae279b3b2c2ff3710209f48cb96a7bf5faa151c153d6f4c4efcb32c4897dcedd4e5751
  languageName: node
  linkType: hard

"race-signal@npm:^2.0.0":
  version: 2.0.0
  resolution: "race-signal@npm:2.0.0"
  checksum: 10/00a6b094d4b55163796c0b89692080ce9b804b0e92b20730ac2b430de275b4c2577a6c3bea4e7698a5e011ab7ec3e79c6bc07da47a6791551af236fdbde80f3f
  languageName: node
  linkType: hard

"retimeable-signal@npm:^1.0.1":
  version: 1.0.1
  resolution: "retimeable-signal@npm:1.0.1"
  checksum: 10/903c5dd9dae7459a8e096e5a8f522c9d90493f0417dbbc06ecdd3a949959c76b47c266ea20d577ae603e89f53a77a37c3dfad4dfff809de2fcf30d58ec4ac1a4
  languageName: node
  linkType: hard

"retry@npm:^0.13.1":
  version: 0.13.1
  resolution: "retry@npm:0.13.1"
  checksum: 10/6125ec2e06d6e47e9201539c887defba4e47f63471db304c59e4b82fc63c8e89ca06a77e9d34939a9a42a76f00774b2f46c0d4a4cbb3e287268bd018ed69426d
  languageName: node
  linkType: hard

"stream-to-it@npm:^1.0.1":
  version: 1.0.1
  resolution: "stream-to-it@npm:1.0.1"
  dependencies:
    it-stream-types: "npm:^2.0.1"
  checksum: 10/df6b11bda9d3eb8f5607a450866edc9e2cc49a1a1a3731fbfdd5872a17231398f960ec4509331dbaa3db3cbf23dbca3bd286bb7d56c303a51ded63a013ade71d
  languageName: node
  linkType: hard

"supports-color@npm:^10.0.0":
  version: 10.2.2
  resolution: "supports-color@npm:10.2.2"
  checksum: 10/bd132705fc07213a4024131fb061f0a46a48b49ecaf434bb029c0a5aa0339b969236d496d63969e3c248a90fdcac16d4f9c5bf187e7be0bfb5e804ed13bef6b0
  languageName: node
  linkType: hard

"typescript@npm:^5.3.3":
  version: 5.9.3
  resolution: "typescript@npm:5.9.3"
  bin:
    tsc: bin/tsc
    tsserver: bin/tsserver
  checksum: 10/c089d9d3da2729fd4ac517f9b0e0485914c4b3c26f80dc0cffcb5de1719a17951e92425d55db59515c1a7ddab65808466debb864d0d56dcf43f27007d0709594
  languageName: node
  linkType: hard

"typescript@patch:typescript@npm%3A^5.3.3#optional!builtin<compat/typescript>":
  version: 5.9.3
  resolution: "typescript@patch:typescript@npm%3A5.9.3#optional!builtin<compat/typescript>::version=5.9.3&hash=8c6c40"
  bin:
    tsc: bin/tsc
    tsserver: bin/tsserver
  checksum: 10/5d416ad4f2ea564f515a3f919e901edbfa4b497cc17dd325c5726046c3eef7ed22d1f59c787267d478311f6f0a265ff790f8a6c7e9df3ea3471458f5ec81e8b7
  languageName: node
  linkType: hard

"uint8-varint@npm:^2.0.1, uint8-varint@npm:^2.0.2, uint8-varint@npm:^2.0.4":
  version: 2.0.4
  resolution: "uint8-varint@npm:2.0.4"
  dependencies:
    uint8arraylist: "npm:^2.0.0"
    uint8arrays: "npm:^5.0.0"
  checksum: 10/51b5984b0d699d820c255f6cd8fa68628f50b8a09f5f063fa8b22438038e56505ab92445ee2da82966c20bcd5751886c2df8a21708014a3b9b32e871e8869caf
  languageName: node
  linkType: hard

"uint8arraylist@npm:^2.0.0, uint8arraylist@npm:^2.4.3, uint8arraylist@npm:^2.4.8":
  version: 2.4.8
  resolution: "uint8arraylist@npm:2.4.8"
  dependencies:
    uint8arrays: "npm:^5.0.1"
  checksum: 10/0f4dbffa21de25104e28058440c2ab20691cf5bf894a2032bd6e50b6b6480c7194521af2f6ec0d22855510e952afb0e486e5d95d050856a9a3990a5d276b7c7d
  languageName: node
  linkType: hard

"uint8arrays@npm:^5.0.0, uint8arrays@npm:^5.0.1, uint8arrays@npm:^5.0.2, uint8arrays@npm:^5.1.0":
  version: 5.1.0
  resolution: "uint8arrays@npm:5.1.0"
  dependencies:
    multiformats: "npm:^13.0.0"
  checksum: 10/6c9cd1c1519cdf20d4c4e3715b4ee1acf730636409528ea54e77c4d9aa6e7f70aacd86d735f7c8a9902a9181cc3b37fa048590978e2fb90a98fa1dc39465c1af
  languageName: node
  linkType: hard

"undici-types@npm:~7.18.0":
  version: 7.18.2
  resolution: "undici-types@npm:7.18.2"
  checksum: 10/e61a5918f624d68420c3ca9d301e9f15b61cba6e97be39fe2ce266dd6151e4afe424d679372638826cb506be33952774e0424141200111a9857e464216c009af
  languageName: node
  linkType: hard

"utf8-codec@npm:^1.0.0":
  version: 1.0.0
  resolution: "utf8-codec@npm:1.0.0"
  checksum: 10/a6e83ce9841e16fd2662361819ab1a1d53004a51605ff266cc9b9069845d4b06c308b61a65e54334421332a85adcb0e79c68eefc0bb584ce9b42aefea1f413d3
  languageName: node
  linkType: hard

"weald@npm:^1.0.4":
  version: 1.1.1
  resolution: "weald@npm:1.1.1"
  dependencies:
    ms: "npm:^3.0.0-canary.1"
    supports-color: "npm:^10.0.0"
  checksum: 10/3b9274495d59b0b5ce4aab035b9a1704eadb7187a828641c4f3121e5cd4243922e7d080e9b65f32b120dcba3f26e2e9a7359d888ccff887cab5aaf6937b3f44d
  languageName: node
  linkType: hard

"wherearewe@npm:^2.0.1":
  version: 2.0.1
  resolution: "wherearewe@npm:2.0.1"
  dependencies:
    is-electron: "npm:^2.2.0"
  checksum: 10/06ea2b4ab3915c67197cd58fe5630185f0173a78495152ece82f23c388d5dd4a1f0f873f2a13bcd4914006c1481cb2ebbf6e5b995e380efc7882a99d419214d0
  languageName: node
  linkType: hard

"ws@npm:^8.18.2, ws@npm:^8.4.0":
  version: 8.19.0
  resolution: "ws@npm:8.19.0"
  peerDependencies:
    bufferutil: ^4.0.1
    utf-8-validate: ">=5.0.2"
  peerDependenciesMeta:
    bufferutil:
      optional: true
    utf-8-validate:
      optional: true
  checksum: 10/26e4901e93abaf73af9f26a93707c95b4845e91a7a347ec8c569e6e9be7f9df066f6c2b817b2d685544e208207898a750b78461e6e8d810c11a370771450c31b
  languageName: node
  linkType: hard
